
Microsoft Visual Studio Solution File, Format Version 12.00
# Visual Studio Version 16
VisualStudioVersion = 16.0.30320.27
MinimumVisualStudioVersion = 10.0.40219.1
Project("{FAE04EC0-301F-11D3-BF4B-00C04F79EFBC}") = "BogusTestApp", "BogusTestApp\BogusTestApp.csproj", "{07A8042E-0BCE-4832-B2F8-F19E4B0ABC5F}"
EndProject
Project("{2150E333-8FDC-42A3-9474-1A3956D46DE8}") = "Basic", "Basic", "{967B0D4D-D06C-4F4C-8D96-821AF723B04E}"
EndProject
Project("{2150E333-8FDC-42A3-9474-1A3956D46DE8}") = "Intermediate", "Intermediate", "{6585CCEE-1933-4E99-8D97-22B3BDCE5653}"
EndProject
Project("{2150E333-8FDC-42A3-9474-1A3956D46DE8}") = "Advanced", "Advanced", "{205BDB88-B2A0-4624-ACB9-91D6EFA1D002}"
EndProject
Project("{FAE04EC0-301F-11D3-BF4B-00C04F79EFBC}") = "BogusFakeWeatherApp", "BogusFakeWeatherApp\BogusFakeWeatherApp.csproj", "{C87F9B4A-AC0A-4016-8C92-8A11B585BA42}"
EndProject
Project("{FAE04EC0-301F-11D3-BF4B-00C04F79EFBC}") = "BogusMqttPubApp", "BogusMqttPubApp\BogusMqttPubApp.csproj", "{495A4CEF-6642-4AB7-9E97-B2D43EC68935}"
EndProject
Project("{FAE04EC0-301F-11D3-BF4B-00C04F79EFBC}") = "BackgroundWorkerApp", "BackgroundWorkerApp\BackgroundWorkerApp.csproj", "{091714F8-44B4-4B2B-B3F7-0A98F6CAEA66}"
EndProject
Project("{FAE04EC0-301F-11D3-BF4B-00C04F79EFBC}") = "WpfBackgroundWorkerApp", "WpfBackgroundWorkerApp\WpfBackgroundWorkerApp.csproj", "{34FC236B-B2CB-4E9B-899A-1F077D8741EC}"
EndProject
Project("{FAE04EC0-301F-11D3-BF4B-00C04F79EFBC}") = "BogusMqttWinPublishApp", "BogusMqttWinPublishApp\BogusMqttWinPublishApp.csproj", "{5B9FD1F2-E661-46D1-83D9-1E1EA0295363}"
EndProject
Project("{FAE04EC0-301F-11D3-BF4B-00C04F79EFBC}") = "MqttMonitoringApp", "MqttMonitoringApp\MqttMonitoringApp.csproj", "{D2C0832A-7F7D-4FD9-A916-ED21B92368C0}"
EndProject
Global
	GlobalSection(SolutionConfigurationPlatforms) = preSolution
		Debug|Any CPU = Debug|Any CPU
		Release|Any CPU = Release|Any CPU
	EndGlobalSection
	GlobalSection(ProjectConfigurationPlatforms) = postSolution
		{07A8042E-0BCE-4832-B2F8-F19E4B0ABC5F}.Debug|Any CPU.ActiveCfg = Debug|Any CPU
		{07A8042E-0BCE-4832-B2F8-F19E4B0ABC5F}.Debug|Any CPU.Build.0 = Debug|Any CPU
		{07A8042E-0BCE-4832-B2F8-F19E4B0ABC5F}.Release|Any CPU.ActiveCfg = Release|Any CPU
		{07A8042E-0BCE-4832-B2F8-F19E4B0ABC5F}.Release|Any CPU.Build.0 = Release|Any CPU
		{C87F9B4A-AC0A-4016-8C92-8A11B585BA42}.Debug|Any CPU.ActiveCfg = Debug|Any CPU
		{C87F9B4A-AC0A-4016-8C92-8A11B585BA42}.Debug|Any CPU.Build.0 = Debug|Any CPU
		{C87F9B4A-AC0A-4016-8C92-8A11B585BA42}.Release|Any CPU.ActiveCfg = Release|Any CPU
		{C87F9B4A-AC0A-4016-8C92-8A11B585BA42}.Release|Any CPU.Build.0 = Release|Any CPU
		{495A4CEF-6642-4AB7-9E97-B2D43EC68935}.Debug|Any CPU.ActiveCfg = Debug|Any CPU
		{495A4CEF-6642-4AB7-9E97-B2D43EC68935}.Debug|Any CPU.Build.0 = Debug|Any CPU
		{495A4CEF-6642-4AB7-9E97-B2D43EC68935}.Release|Any CPU.ActiveCfg = Release|Any CPU
		{495A4CEF-6642-4AB7-9E97-B2D43EC68935}.Release|Any CPU.Build.0 = Release|Any CPU
		{091714F8-44B4-4B2B-B3F7-0A98F6CAEA66}.Debug|Any CPU.ActiveCfg = Debug|Any CPU
		{091714F8-44B4-4B2B-B3F7-0A98F6CAEA66}.Debug|Any CPU.Build.0 = Debug|Any CPU
		{091714F8-44B4-4B2B-B3F7-0A98F6CAEA66}.Release|Any CPU.ActiveCfg = Release|Any CPU
		{091714F8-44B4-4B2B-B3F7-0A98F6CAEA66}.Release|Any CPU.Build.0 = Release|Any CPU
		{34FC236B-B2CB-4E9B-899A-1F077D8741EC}.Debug|Any CPU.ActiveCfg = Debug|Any CPU
		{34FC236B-B2CB-4E9B-899A-1F077D8741EC}.Debug|Any CPU.Build.0 = Debug|Any CPU
		{34FC236B-B2CB-4E9B-899A-1F077D8741EC}.Release|Any CPU.ActiveCfg = Release|Any CPU
		{34FC236B-B2CB-4E9B-899A-1F077D8741EC}.Release|Any CPU.Build.0 = Release|Any CPU
		{5B9FD1F2-E661-46D1-83D9-1E1EA0295363}.Debug|Any CPU.ActiveCfg = Debug|Any CPU
		{5B9FD1F2-E661-46D1-83D9-1E1EA0295363}.Debug|Any CPU.Build.0 = Debug|Any CPU
		{5B9FD1F2-E661-46D1-83D9-1E1EA0295363}.Release|Any CPU.ActiveCfg = Release|Any CPU
		{5B9FD1F2-E661-46D1-83D9-1E1EA0295363}.Release|Any CPU.Build.0 = Release|Any CPU
		{D2C0832A-7F7D-4FD9-A916-ED21B92368C0}.Debug|Any CPU.ActiveCfg = Debug|Any CPU
		{D2C0832A-7F7D-4FD9-A916-ED21B92368C0}.Debug|Any CPU.Build.0 = Debug|Any CPU
		{D2C0832A-7F7D-4FD9-A916-ED21B92368C0}.Release|Any CPU.ActiveCfg = Release|Any CPU
		{D2C0832A-7F7D-4FD9-A916-ED21B92368C0}.Release|Any CPU.Build.0 = Release|Any CPU
	EndGlobalSection
	GlobalSection(SolutionProperties) = preSolution
		HideSolutionNode = FALSE
	EndGlobalSection
	GlobalSection(NestedProjects) = preSolution
		{07A8042E-0BCE-4832-B2F8-F19E4B0ABC5F} = {967B0D4D-D06C-4F4C-8D96-821AF723B04E}
		{C87F9B4A-AC0A-4016-8C92-8A11B585BA42} = {967B0D4D-D06C-4F4C-8D96-821AF723B04E}
		{495A4CEF-6642-4AB7-9E97-B2D43EC68935} = {6585CCEE-1933-4E99-8D97-22B3BDCE5653}
		{091714F8-44B4-4B2B-B3F7-0A98F6CAEA66} = {6585CCEE-1933-4E99-8D97-22B3BDCE5653}
		{34FC236B-B2CB-4E9B-899A-1F077D8741EC} = {6585CCEE-1933-4E99-8D97-22B3BDCE5653}
		{5B9FD1F2-E661-46D1-83D9-1E1EA0295363} = {6585CCEE-1933-4E99-8D97-22B3BDCE5653}
		{D2C0832A-7F7D-4FD9-A916-ED21B92368C0} = {205BDB88-B2A0-4624-ACB9-91D6EFA1D002}
	EndGlobalSection
	GlobalSection(ExtensibilityGlobals) = postSolution
		SolutionGuid = {72E750D6-1C7F-481E-8143-A4E9C61CF2C5}
	EndGlobalSection
EndGlobal
